
Microsoft Visual Studio Solution File, Format Version 12.00
# Visual Studio 15
VisualStudioVersion = 15.0.27703.1
MinimumVisualStudioVersion = 10.0.40219.1
Project("{FAE04EC0-301F-11D3-BF4B-00C04F79EFBC}") = "SymplexCsharp", "SymplexCsharp\SymplexCsharp.csproj", "{41127F92-48B8-44D6-ADC0-DF60D7D591E7}"
EndProject
Project("{2150E333-8FDC-42A3-9474-1A3956D46DE8}") = "Solution Items", "Solution Items", "{AE8ADEBC-F960-43B2-B1D3-C0B069B33001}"
EndProject
Global
	GlobalSection(SolutionConfigurationPlatforms) = preSolution
		Debug|Any CPU = Debug|Any CPU
		Release|Any CPU = Release|Any CPU
	EndGlobalSection
	GlobalSection(ProjectConfigurationPlatforms) = postSolution
		{41127F92-48B8-44D6-ADC0-DF60D7D591E7}.Debug|Any CPU.ActiveCfg = Debug|Any CPU
		{41127F92-48B8-44D6-ADC0-DF60D7D591E7}.Debug|Any CPU.Build.0 = Debug|Any CPU
		{41127F92-48B8-44D6-ADC0-DF60D7D591E7}.Release|Any CPU.ActiveCfg = Release|Any CPU
		{41127F92-48B8-44D6-ADC0-DF60D7D591E7}.Release|Any CPU.Build.0 = Release|Any CPU
	EndGlobalSection
	GlobalSection(SolutionProperties) = preSolution
		HideSolutionNode = FALSE
	EndGlobalSection
	GlobalSection(ExtensibilityGlobals) = postSolution
		SolutionGuid = {3D68326D-2B3F-406B-B0FA-6AF60F08C71E}
	EndGlobalSection
EndGlobal
